// !$*UTF8*$!
{
	archiveVersion = 1;
	classes = {
	};
	objectVersion = 46;
	objects = {

/* Begin PBXBuildFile section */
		4C10B73F1C08D2150077E477 /* MPHRequestAccessWindowController.m in Sources */ = {isa = PBXBuildFile; fileRef = 4C10B73D1C08D2150077E477 /* MPHRequestAccessWindowController.m */; };
		4C3CAB051BFF339E009B4DF0 /* Localizable.strings in Resources */ = {isa = PBXBuildFile; fileRef = 4C3CAB071BFF339E009B4DF0 /* Localizable.strings */; };
		4C487E781BF3A0A400E595DE /* MPHMacPassHTTP.m in Sources */ = {isa = PBXBuildFile; fileRef = 4C487E771BF3A0A400E595DE /* MPHMacPassHTTP.m */; };
		4C487E7C1BF3A47700E595DE /* MPHSettingsViewController.m in Sources */ = {isa = PBXBuildFile; fileRef = 4C487E7A1BF3A47700E595DE /* MPHSettingsViewController.m */; };
		4C7B63811C0CC66400D7038C /* RequestAccessWindow.xib in Resources */ = {isa = PBXBuildFile; fileRef = 4C7B63831C0CC66400D7038C /* RequestAccessWindow.xib */; };
		4C8EDA791C062B1C00B9D147 /* KeePassHTTPKit.framework in Frameworks */ = {isa = PBXBuildFile; fileRef = 4C8EDA781C062B1C00B9D147 /* KeePassHTTPKit.framework */; };
		4C8EDA7A1C062B2600B9D147 /* KeePassHTTPKit.framework in CopyFiles */ = {isa = PBXBuildFile; fileRef = 4C8EDA781C062B1C00B9D147 /* KeePassHTTPKit.framework */; settings = {ATTRIBUTES = (RemoveHeadersOnCopy, ); }; };
		4C967E361BF63CA900B1838C /* MPHServerDelegate.m in Sources */ = {isa = PBXBuildFile; fileRef = 4C967E351BF63CA900B1838C /* MPHServerDelegate.m */; };
		4CDE59481BFA051000C7AF5B /* MacPassHTTPSettings.xib in Resources */ = {isa = PBXBuildFile; fileRef = 4CDE594A1BFA051000C7AF5B /* MacPassHTTPSettings.xib */; };
/* End PBXBuildFile section */

/* Begin PBXCopyFilesBuildPhase section */
		4C967DF31BF61C1800B1838C /* CopyFiles */ = {
			isa = PBXCopyFilesBuildPhase;
			buildActionMask = 2147483647;
			dstPath = "";
			dstSubfolderSpec = 10;
			files = (
				4C8EDA7A1C062B2600B9D147 /* KeePassHTTPKit.framework in CopyFiles */,
			);
			runOnlyForDeploymentPostprocessing = 0;
		};
/* End PBXCopyFilesBuildPhase section */

/* Begin PBXFileReference section */
		4C10B73C1C08D2150077E477 /* MPHRequestAccessWindowController.h */ = {isa = PBXFileReference; fileEncoding = 4; lastKnownFileType = sourcecode.c.h; path = MPHRequestAccessWindowController.h; sourceTree = "<group>"; };
		4C10B73D1C08D2150077E477 /* MPHRequestAccessWindowController.m */ = {isa = PBXFileReference; fileEncoding = 4; lastKnownFileType = sourcecode.c.objc; path = MPHRequestAccessWindowController.m; sourceTree = "<group>"; };
		4C3CAB011BFF32AB009B4DF0 /* en */ = {isa = PBXFileReference; lastKnownFileType = text.plist.strings; name = en; path = en.lproj/MacPassHTTPSettings.strings; sourceTree = "<group>"; };
		4C3CAB061BFF339E009B4DF0 /* en */ = {isa = PBXFileReference; fileEncoding = 4; lastKnownFileType = text.plist.strings; name = en; path = en.lproj/Localizable.strings; sourceTree = "<group>"; };
		4C3CAB081BFF33AA009B4DF0 /* Base */ = {isa = PBXFileReference; fileEncoding = 4; lastKnownFileType = text.plist.strings; name = Base; path = Base.lproj/Localizable.strings; sourceTree = "<group>"; };
		4C487E6D1BF39FC500E595DE /* MacPassHTTP.mpplugin */ = {isa = PBXFileReference; explicitFileType = wrapper.cfbundle; includeInIndex = 0; path = MacPassHTTP.mpplugin; sourceTree = BUILT_PRODUCTS_DIR; };
		4C487E701BF39FC500E595DE /* Info.plist */ = {isa = PBXFileReference; lastKnownFileType = text.plist.xml; path = Info.plist; sourceTree = "<group>"; };
		4C487E761BF3A0A400E595DE /* MPHMacPassHTTP.h */ = {isa = PBXFileReference; fileEncoding = 4; lastKnownFileType = sourcecode.c.h; path = MPHMacPassHTTP.h; sourceTree = "<group>"; };
		4C487E771BF3A0A400E595DE /* MPHMacPassHTTP.m */ = {isa = PBXFileReference; fileEncoding = 4; lastKnownFileType = sourcecode.c.objc; path = MPHMacPassHTTP.m; sourceTree = "<group>"; };
		4C487E791BF3A47700E595DE /* MPHSettingsViewController.h */ = {isa = PBXFileReference; fileEncoding = 4; lastKnownFileType = sourcecode.c.h; path = MPHSettingsViewController.h; sourceTree = "<group>"; };
		4C487E7A1BF3A47700E595DE /* MPHSettingsViewController.m */ = {isa = PBXFileReference; fileEncoding = 4; lastKnownFileType = sourcecode.c.objc; path = MPHSettingsViewController.m; sourceTree = "<group>"; };
		4C5B48D61BFF3AED0036906C /* de */ = {isa = PBXFileReference; lastKnownFileType = text.plist.strings; name = de; path = de.lproj/MacPassHTTPSettings.strings; sourceTree = "<group>"; };
		4C5B48D71BFF3AED0036906C /* de */ = {isa = PBXFileReference; fileEncoding = 4; lastKnownFileType = text.plist.strings; name = de; path = de.lproj/Localizable.strings; sourceTree = "<group>"; };
		4C7B63821C0CC66400D7038C /* Base */ = {isa = PBXFileReference; lastKnownFileType = file.xib; name = Base; path = Base.lproj/RequestAccessWindow.xib; sourceTree = "<group>"; };
		4C7B63851C0CC66700D7038C /* en */ = {isa = PBXFileReference; lastKnownFileType = text.plist.strings; name = en; path = en.lproj/RequestAccessWindow.strings; sourceTree = "<group>"; };
		4C7B63871C0CC66800D7038C /* de */ = {isa = PBXFileReference; lastKnownFileType = text.plist.strings; name = de; path = de.lproj/RequestAccessWindow.strings; sourceTree = "<group>"; };
		4C7E784D1BFF328600DFB924 /* Base */ = {isa = PBXFileReference; lastKnownFileType = file.xib; name = Base; path = Base.lproj/MacPassHTTPSettings.xib; sourceTree = "<group>"; };
		4C8EDA781C062B1C00B9D147 /* KeePassHTTPKit.framework */ = {isa = PBXFileReference; lastKnownFileType = wrapper.framework; name = KeePassHTTPKit.framework; path = Carthage/Build/Mac/KeePassHTTPKit.framework; sourceTree = "<group>"; };
		4C967E341BF63CA900B1838C /* MPHServerDelegate.h */ = {isa = PBXFileReference; fileEncoding = 4; lastKnownFileType = sourcecode.c.h; path = MPHServerDelegate.h; sourceTree = "<group>"; };
		4C967E351BF63CA900B1838C /* MPHServerDelegate.m */ = {isa = PBXFileReference; fileEncoding = 4; lastKnownFileType = sourcecode.c.objc; path = MPHServerDelegate.m; sourceTree = "<group>"; };
/* End PBXFileReference section */

/* Begin PBXFrameworksBuildPhase section */
		4C487E6A1BF39FC500E595DE /* Frameworks */ = {
			isa = PBXFrameworksBuildPhase;
			buildActionMask = 2147483647;
			files = (
				4C8EDA791C062B1C00B9D147 /* KeePassHTTPKit.framework in Frameworks */,
			);
			runOnlyForDeploymentPostprocessing = 0;
		};
/* End PBXFrameworksBuildPhase section */

/* Begin PBXGroup section */
		4C10B7411C08D2AE0077E477 /* UI */ = {
			isa = PBXGroup;
			children = (
				4C487E791BF3A47700E595DE /* MPHSettingsViewController.h */,
				4C487E7A1BF3A47700E595DE /* MPHSettingsViewController.m */,
				4CDE594A1BFA051000C7AF5B /* MacPassHTTPSettings.xib */,
				4C10B73C1C08D2150077E477 /* MPHRequestAccessWindowController.h */,
				4C10B73D1C08D2150077E477 /* MPHRequestAccessWindowController.m */,
				4C7B63831C0CC66400D7038C /* RequestAccessWindow.xib */,
			);
			name = UI;
			sourceTree = "<group>";
		};
		4C487E641BF39FC500E595DE = {
			isa = PBXGroup;
			children = (
				4C8EDA781C062B1C00B9D147 /* KeePassHTTPKit.framework */,
				4C7E78491BFF326A00DFB924 /* Localization */,
				4C487E6F1BF39FC500E595DE /* MacPassHTTP */,
				4C487E6E1BF39FC500E595DE /* Products */,
			);
			sourceTree = "<group>";
		};
		4C487E6E1BF39FC500E595DE /* Products */ = {
			isa = PBXGroup;
			children = (
				4C487E6D1BF39FC500E595DE /* MacPassHTTP.mpplugin */,
			);
			name = Products;
			sourceTree = "<group>";
		};
		4C487E6F1BF39FC500E595DE /* MacPassHTTP */ = {
			isa = PBXGroup;
			children = (
				4C10B7411C08D2AE0077E477 /* UI */,
				4C487E761BF3A0A400E595DE /* MPHMacPassHTTP.h */,
				4C487E771BF3A0A400E595DE /* MPHMacPassHTTP.m */,
				4C487E701BF39FC500E595DE /* Info.plist */,
				4C967E341BF63CA900B1838C /* MPHServerDelegate.h */,
				4C967E351BF63CA900B1838C /* MPHServerDelegate.m */,
			);
			path = MacPassHTTP;
			sourceTree = "<group>";
		};
		4C7E78491BFF326A00DFB924 /* Localization */ = {
			isa = PBXGroup;
			children = (
				4C3CAB071BFF339E009B4DF0 /* Localizable.strings */,
			);
			name = Localization;
			sourceTree = "<group>";
		};
/* End PBXGroup section */

/* Begin PBXNativeTarget section */
		4C487E6C1BF39FC500E595DE /* MacPassHTTP */ = {
			isa = PBXNativeTarget;
			buildConfigurationList = 4C487E731BF39FC500E595DE /* Build configuration list for PBXNativeTarget "MacPassHTTP" */;
			buildPhases = (
				4C487E691BF39FC500E595DE /* Sources */,
				4C487E6A1BF39FC500E595DE /* Frameworks */,
				4C487E6B1BF39FC500E595DE /* Resources */,
				4C967DF31BF61C1800B1838C /* CopyFiles */,
			);
			buildRules = (
			);
			dependencies = (
			);
			name = MacPassHTTP;
			productName = MacPassHTTP;
			productReference = 4C487E6D1BF39FC500E595DE /* MacPassHTTP.mpplugin */;
			productType = "com.apple.product-type.bundle";
		};
/* End PBXNativeTarget section */

/* Begin PBXProject section */
		4C487E651BF39FC500E595DE /* Project object */ = {
			isa = PBXProject;
			attributes = {
				CLASSPREFIX = MPH;
				LastUpgradeCheck = 0710;
				ORGANIZATIONNAME = "HicknHack Software GmbH";
				TargetAttributes = {
					4C487E6C1BF39FC500E595DE = {
						CreatedOnToolsVersion = 7.1.1;
					};
				};
			};
			buildConfigurationList = 4C487E681BF39FC500E595DE /* Build configuration list for PBXProject "MacPassHTTP" */;
			compatibilityVersion = "Xcode 3.2";
			developmentRegion = English;
			hasScannedForEncodings = 0;
			knownRegions = (
				en,
				Base,
				de,
			);
			mainGroup = 4C487E641BF39FC500E595DE;
			productRefGroup = 4C487E6E1BF39FC500E595DE /* Products */;
			projectDirPath = "";
			projectRoot = "";
			targets = (
				4C487E6C1BF39FC500E595DE /* MacPassHTTP */,
			);
		};
/* End PBXProject section */

/* Begin PBXResourcesBuildPhase section */
		4C487E6B1BF39FC500E595DE /* Resources */ = {
			isa = PBXResourcesBuildPhase;
			buildActionMask = 2147483647;
			files = (
				4CDE59481BFA051000C7AF5B /* MacPassHTTPSettings.xib in Resources */,
				4C7B63811C0CC66400D7038C /* RequestAccessWindow.xib in Resources */,
				4C3CAB051BFF339E009B4DF0 /* Localizable.strings in Resources */,
			);
			runOnlyForDeploymentPostprocessing = 0;
		};
/* End PBXResourcesBuildPhase section */

/* Begin PBXSourcesBuildPhase section */
		4C487E691BF39FC500E595DE /* Sources */ = {
			isa = PBXSourcesBuildPhase;
			buildActionMask = 2147483647;
			files = (
				4C487E781BF3A0A400E595DE /* MPHMacPassHTTP.m in Sources */,
				4C967E361BF63CA900B1838C /* MPHServerDelegate.m in Sources */,
				4C487E7C1BF3A47700E595DE /* MPHSettingsViewController.m in Sources */,
				4C10B73F1C08D2150077E477 /* MPHRequestAccessWindowController.m in Sources */,
			);
			runOnlyForDeploymentPostprocessing = 0;
		};
/* End PBXSourcesBuildPhase section */

/* Begin PBXVariantGroup section */
		4C3CAB071BFF339E009B4DF0 /* Localizable.strings */ = {
			isa = PBXVariantGroup;
			children = (
				4C3CAB061BFF339E009B4DF0 /* en */,
				4C3CAB081BFF33AA009B4DF0 /* Base */,
				4C5B48D71BFF3AED0036906C /* de */,
			);
			name = Localizable.strings;
			path = MacPassHTTP;
			sourceTree = "<group>";
		};
		4C7B63831C0CC66400D7038C /* RequestAccessWindow.xib */ = {
			isa = PBXVariantGroup;
			children = (
				4C7B63821C0CC66400D7038C /* Base */,
				4C7B63851C0CC66700D7038C /* en */,
				4C7B63871C0CC66800D7038C /* de */,
			);
			name = RequestAccessWindow.xib;
			sourceTree = "<group>";
		};
		4CDE594A1BFA051000C7AF5B /* MacPassHTTPSettings.xib */ = {
			isa = PBXVariantGroup;
			children = (
				4C7E784D1BFF328600DFB924 /* Base */,
				4C3CAB011BFF32AB009B4DF0 /* en */,
				4C5B48D61BFF3AED0036906C /* de */,
			);
			name = MacPassHTTPSettings.xib;
			sourceTree = "<group>";
		};
/* End PBXVariantGroup section */

/* Begin XCBuildConfiguration section */
		4C487E711BF39FC500E595DE /* Debug */ = {
			isa = XCBuildConfiguration;
			buildSettings = {
				ALWAYS_SEARCH_USER_PATHS = NO;
				CLANG_CXX_LANGUAGE_STANDARD = "gnu++0x";
				CLANG_CXX_LIBRARY = "libc++";
				CLANG_ENABLE_MODULES = YES;
				CLANG_ENABLE_OBJC_ARC = YES;
				CLANG_WARN_BOOL_CONVERSION = YES;
				CLANG_WARN_CONSTANT_CONVERSION = YES;
				CLANG_WARN_DIRECT_OBJC_ISA_USAGE = YES_ERROR;
				CLANG_WARN_EMPTY_BODY = YES;
				CLANG_WARN_ENUM_CONVERSION = YES;
				CLANG_WARN_INT_CONVERSION = YES;
				CLANG_WARN_OBJC_ROOT_CLASS = YES_ERROR;
				CLANG_WARN_UNREACHABLE_CODE = YES;
				CLANG_WARN__DUPLICATE_METHOD_MATCH = YES;
				CODE_SIGN_IDENTITY = "";
				COPY_PHASE_STRIP = NO;
				DEBUG_INFORMATION_FORMAT = dwarf;
				ENABLE_STRICT_OBJC_MSGSEND = YES;
				ENABLE_TESTABILITY = YES;
				GCC_C_LANGUAGE_STANDARD = gnu99;
				GCC_DYNAMIC_NO_PIC = NO;
				GCC_NO_COMMON_BLOCKS = YES;
				GCC_OPTIMIZATION_LEVEL = 0;
				GCC_PREPROCESSOR_DEFINITIONS = (
					"DEBUG=1",
					"$(inherited)",
				);
				GCC_WARN_64_TO_32_BIT_CONVERSION = YES;
				GCC_WARN_ABOUT_RETURN_TYPE = YES_ERROR;
				GCC_WARN_UNDECLARED_SELECTOR = YES;
				GCC_WARN_UNINITIALIZED_AUTOS = YES_AGGRESSIVE;
				GCC_WARN_UNUSED_FUNCTION = YES;
				GCC_WARN_UNUSED_VARIABLE = YES;
				LD_RUNPATH_SEARCH_PATHS = "$(inherited) @executable_path/../Frameworks @loader_path/Frameworks";
				MACOSX_DEPLOYMENT_TARGET = 10.8;
				MTL_ENABLE_DEBUG_INFO = YES;
				ONLY_ACTIVE_ARCH = YES;
				SDKROOT = macosx;
			};
			name = Debug;
		};
		4C487E721BF39FC500E595DE /* Release */ = {
			isa = XCBuildConfiguration;
			buildSettings = {
				ALWAYS_SEARCH_USER_PATHS = NO;
				CLANG_CXX_LANGUAGE_STANDARD = "gnu++0x";
				CLANG_CXX_LIBRARY = "libc++";
				CLANG_ENABLE_MODULES = YES;
				CLANG_ENABLE_OBJC_ARC = YES;
				CLANG_WARN_BOOL_CONVERSION = YES;
				CLANG_WARN_CONSTANT_CONVERSION = YES;
				CLANG_WARN_DIRECT_OBJC_ISA_USAGE = YES_ERROR;
				CLANG_WARN_EMPTY_BODY = YES;
				CLANG_WARN_ENUM_CONVERSION = YES;
				CLANG_WARN_INT_CONVERSION = YES;
				CLANG_WARN_OBJC_ROOT_CLASS = YES_ERROR;
				CLANG_WARN_UNREACHABLE_CODE = YES;
				CLANG_WARN__DUPLICATE_METHOD_MATCH = YES;
				CODE_SIGN_IDENTITY = "";
				COPY_PHASE_STRIP = NO;
				DEBUG_INFORMATION_FORMAT = "dwarf-with-dsym";
				ENABLE_NS_ASSERTIONS = NO;
				ENABLE_STRICT_OBJC_MSGSEND = YES;
				GCC_C_LANGUAGE_STANDARD = gnu99;
				GCC_NO_COMMON_BLOCKS = YES;
				GCC_WARN_64_TO_32_BIT_CONVERSION = YES;
				GCC_WARN_ABOUT_RETURN_TYPE = YES_ERROR;
				GCC_WARN_UNDECLARED_SELECTOR = YES;
				GCC_WARN_UNINITIALIZED_AUTOS = YES_AGGRESSIVE;
				GCC_WARN_UNUSED_FUNCTION = YES;
				GCC_WARN_UNUSED_VARIABLE = YES;
				LD_RUNPATH_SEARCH_PATHS = "$(inherited) @executable_path/../Frameworks @loader_path/Frameworks";
				MACOSX_DEPLOYMENT_TARGET = 10.8;
				MTL_ENABLE_DEBUG_INFO = NO;
				SDKROOT = macosx;
			};
			name = Release;
		};
		4C487E741BF39FC500E595DE /* Debug */ = {
			isa = XCBuildConfiguration;
			buildSettings = {
				BUNDLE_LOADER = "";
				COMBINE_HIDPI_IMAGES = YES;
				DEPLOYMENT_LOCATION = YES;
				DSTROOT = "$(HOME)";
				FRAMEWORK_SEARCH_PATHS = (
					"$(inherited)",
					"$(PROJECT_DIR)",
					"$(PROJECT_DIR)/Carthage/Build/Mac",
				);
				HEADER_SEARCH_PATHS = "$(PROJECT_DIR)/../MacPass/**";
				INFOPLIST_FILE = MacPassHTTP/Info.plist;
				INSTALL_PATH = "/Library/Application Support/MacPass";
				LD_RUNPATH_SEARCH_PATHS = "@loader_path/../Frameworks @executable_path/../Frameworks";
				OTHER_LDFLAGS = (
					"-undefined",
					dynamic_lookup,
				);
				PRODUCT_BUNDLE_IDENTIFIER = com.hicknhacksoftware.MacPassHTTP;
				PRODUCT_NAME = "$(TARGET_NAME)";
				SKIP_INSTALL = NO;
				WRAPPER_EXTENSION = mpplugin;
			};
			name = Debug;
		};
		4C487E751BF39FC500E595DE /* Release */ = {
			isa = XCBuildConfiguration;
			buildSettings = {
				BUNDLE_LOADER = "";
				COMBINE_HIDPI_IMAGES = YES;
				DEPLOYMENT_LOCATION = YES;
				DSTROOT = "$(HOME)";
				FRAMEWORK_SEARCH_PATHS = (
					"$(inherited)",
					"$(PROJECT_DIR)",
					"$(PROJECT_DIR)/Carthage/Build/Mac",
				);
				HEADER_SEARCH_PATHS = "$(PROJECT_DIR)/../MacPass/**";
				INFOPLIST_FILE = MacPassHTTP/Info.plist;
				INSTALL_PATH = "/Library/Application Support/MacPass";
				LD_RUNPATH_SEARCH_PATHS = "@loader_path/../Frameworks @executable_path/../Frameworks";
				OTHER_LDFLAGS = (
					"-undefined",
					dynamic_lookup,
				);
				PRODUCT_BUNDLE_IDENTIFIER = com.hicknhacksoftware.MacPassHTTP;
				PRODUCT_NAME = "$(TARGET_NAME)";
				SKIP_INSTALL = NO;
				WRAPPER_EXTENSION = mpplugin;
			};
			name = Release;
		};
/* End XCBuildConfiguration section */

/* Begin XCConfigurationList section */
		4C487E681BF39FC500E595DE /* Build configuration list for PBXProject "MacPassHTTP" */ = {
			isa = XCConfigurationList;
			buildConfigurations = (
				4C487E711BF39FC500E595DE /* Debug */,
				4C487E721BF39FC500E595DE /* Release */,
			);
			defaultConfigurationIsVisible = 0;
			defaultConfigurationName = Release;
		};
		4C487E731BF39FC500E595DE /* Build configuration list for PBXNativeTarget "MacPassHTTP" */ = {
			isa = XCConfigurationList;
			buildConfigurations = (
				4C487E741BF39FC500E595DE /* Debug */,
				4C487E751BF39FC500E595DE /* Release */,
			);
			defaultConfigurationIsVisible = 0;
			defaultConfigurationName = Release;
		};
/* End XCConfigurationList section */
	};
	rootObject = 4C487E651BF39FC500E595DE /* Project object */;
}
